{
    "_readme": [
        "This file locks the dependencies of your project to a known state",
        "Read more about it at https://getcomposer.org/doc/01-basic-usage.md#installing-dependencies",
        "This file is @generated automatically"
    ],
    "content-hash": "3b6aecd5df8ecbecc912e32ef8bb49d6",
    "packages": [
        {
            "name": "async-aws/core",
            "version": "1.24.1",
            "source": {
                "type": "git",
                "url": "https://github.com/async-aws/core.git",
                "reference": "241c8ab0e4cd4f47b2226a31a5132fb36a73a57b"
            },
            "dist": {
                "type": "zip",
                "url": "https://api.github.com/repos/async-aws/core/zipball/241c8ab0e4cd4f47b2226a31a5132fb36a73a57b",
                "reference": "241c8ab0e4cd4f47b2226a31a5132fb36a73a57b",
                "shasum": ""
            },
            "require": {
                "ext-hash": "*",
                "ext-json": "*",
                "ext-simplexml": "*",
                "php": "^7.2.5 || ^8.0",
                "psr/cache": "^1.0 || ^2.0 || ^3.0",
                "psr/log": "^1.0 || ^2.0 || ^3.0",
                "symfony/deprecation-contracts": "^2.1 || ^3.0",
                "symfony/http-client": "^4.4.16 || ^5.1.7 || ^6.0 || ^7.0",
                "symfony/http-client-contracts": "^1.1.8 || ^2.0 || ^3.0",
                "symfony/service-contracts": "^1.0 || ^2.0 || ^3.0"
            },
            "conflict": {
                "async-aws/s3": "<1.1",
                "symfony/http-client": "5.2.0"
            },
            "type": "library",
            "extra": {
                "branch-alias": {
                    "dev-master": "1.24-dev"
                }
            },
            "autoload": {
                "psr-4": {
                    "AsyncAws\\Core\\": "src"
                }
            },
            "notification-url": "https://packagist.org/downloads/",
            "license": [
                "MIT"
            ],
            "description": "Core package to integrate with AWS. This is a lightweight AWS SDK provider by AsyncAws.",
            "keywords": [
                "amazon",
                "async-aws",
                "aws",
                "sdk",
                "sts"
            ],
            "support": {
                "source": "https://github.com/async-aws/core/tree/1.24.1"
            },
            "funding": [
                {
                    "url": "https://github.com/jderusse",
                    "type": "github"
                },
                {
                    "url": "https://github.com/nyholm",
                    "type": "github"
                }
            ],
            "time": "2025-01-15T14:38:08+00:00"
        },
        {
            "name": "async-aws/ssm",
            "version": "1.4.0",
            "source": {
                "type": "git",
                "url": "https://github.com/async-aws/ssm.git",
                "reference": "29ebb8f4bc3bd10d40d4e394837cbfb219adf8fb"
            },
            "dist": {
                "type": "zip",
                "url": "https://api.github.com/repos/async-aws/ssm/zipball/29ebb8f4bc3bd10d40d4e394837cbfb219adf8fb",
                "reference": "29ebb8f4bc3bd10d40d4e394837cbfb219adf8fb",
                "shasum": ""
            },
            "require": {
                "async-aws/core": "^1.9",
                "ext-json": "*",
                "php": "^7.2.5 || ^8.0"
            },
            "conflict": {
                "symfony/http-client": "<4.4.16 <5.1.7"
            },
            "type": "library",
            "extra": {
                "branch-alias": {
                    "dev-master": "1.4-dev"
                }
            },
            "autoload": {
                "psr-4": {
                    "AsyncAws\\Ssm\\": "src"
                }
            },
            "notification-url": "https://packagist.org/downloads/",
            "license": [
                "MIT"
            ],
            "description": "SSM client, part of the AWS SDK provided by AsyncAws.",
            "keywords": [
                "amazon",
                "async-aws",
                "aws",
                "sdk",
                "ssm"
            ],
            "support": {
                "source": "https://github.com/async-aws/ssm/tree/1.4.0"
            },
            "funding": [
                {
                    "url": "https://github.com/jderusse",
                    "type": "github"
                },
                {
                    "url": "https://github.com/nyholm",
                    "type": "github"
                }
            ],
            "time": "2023-06-20T19:17:40+00:00"
        },
        {
            "name": "bref/bref",
            "version": "2.3.13",
            "source": {
                "type": "git",
                "url": "https://github.com/brefphp/bref.git",
                "reference": "6fbc3d0b6d1f7a9ccf64d4f440f6397015ecc043"
            },
            "dist": {
                "type": "zip",
                "url": "https://api.github.com/repos/brefphp/bref/zipball/6fbc3d0b6d1f7a9ccf64d4f440f6397015ecc043",
                "reference": "6fbc3d0b6d1f7a9ccf64d4f440f6397015ecc043",
                "shasum": ""
            },
            "require": {
                "crwlr/query-string": "^1.0.3",
                "ext-curl": "*",
                "ext-json": "*",
                "hollodotme/fast-cgi-client": "^3.0.1",
                "nyholm/psr7": "^1.4.1",
                "php": ">=8.0",
                "psr/container": "^1.0|^2.0",
                "psr/http-message": "^1.0|^2.0",
                "psr/http-server-handler": "^1.0",
                "riverline/multipart-parser": "^2.1.2",
                "symfony/process": "^4.4|^5.0|^6.0|^7.0"
            },
            "require-dev": {
                "async-aws/core": "^1.0",
                "async-aws/lambda": "^1.0",
                "aws/aws-sdk-php": "^3.172",
                "bref/secrets-loader": "^1.0",
                "dms/phpunit-arraysubset-asserts": "^0.4",
                "doctrine/coding-standard": "^8.0",
                "guzzlehttp/guzzle": "^7.5",
                "phpstan/phpstan": "^1.10.26",
                "phpunit/phpunit": "^9.6.10",
                "symfony/console": "^4.4|^5.0|^6.0|^7.0",
                "symfony/yaml": "^4.4|^5.0|^6.0|^7.0"
            },
            "bin": [
                "bref",
                "src/bref-local"
            ],
            "type": "project",
            "autoload": {
                "psr-4": {
                    "Bref\\": "src"
                }
            },
            "notification-url": "https://packagist.org/downloads/",
            "license": [
                "MIT"
            ],
            "description": "Bref is a framework to write and deploy serverless PHP applications on AWS Lambda.",
            "homepage": "https://bref.sh",
            "keywords": [
                "aws",
                "bref",
                "faas",
                "lambda",
                "serverless"
            ],
            "support": {
                "issues": "https://github.com/brefphp/bref/issues",
                "source": "https://github.com/brefphp/bref/tree/2.3.13"
            },
            "funding": [
                {
                    "url": "https://bref.sh/#enterprise",
                    "type": "custom"
                },
                {
                    "url": "https://github.com/mnapoli",
                    "type": "github"
                }
            ],
            "time": "2025-01-18T15:13:23+00:00"
        },
        {
            "name": "bref/secrets-loader",
            "version": "1.1.0",
            "source": {
                "type": "git",
                "url": "https://github.com/brefphp/secrets-loader.git",
                "reference": "e451f81d0716f82e6715b2017c52c7c3abede760"
            },
            "dist": {
                "type": "zip",
                "url": "https://api.github.com/repos/brefphp/secrets-loader/zipball/e451f81d0716f82e6715b2017c52c7c3abede760",
                "reference": "e451f81d0716f82e6715b2017c52c7c3abede760",
                "shasum": ""
            },
            "require": {
                "async-aws/ssm": "^1.3",
                "php": ">=8.0"
            },
            "require-dev": {
                "mnapoli/hard-mode": "^0.3.0",
                "phpstan/phpstan": "^1.10.26",
                "phpunit/phpunit": "^9.6.10"
            },
            "type": "library",
            "autoload": {
                "psr-4": {
                    "Bref\\Secrets\\": "src/"
                }
            },
            "notification-url": "https://packagist.org/downloads/",
            "license": [
                "MIT"
            ],
            "description": "Load secret values from SSM into environment variables ",
            "keywords": [
                "aws-ssm",
                "bref",
                "secrets",
                "ssm"
            ],
            "support": {
                "issues": "https://github.com/brefphp/secrets-loader/issues",
                "source": "https://github.com/brefphp/secrets-loader/tree/1.1.0"
            },
            "funding": [
                {
                    "url": "https://github.com/mnapoli",
                    "type": "github"
                }
            ],
            "time": "2023-07-27T09:16:46+00:00"
        },
        {
            "name": "crwlr/query-string",
            "version": "v1.0.3",
            "source": {
                "type": "git",
                "url": "https://github.com/crwlrsoft/query-string.git",
                "reference": "4e71cae0c942fe1ce2ae22506bd46ecdfa5b4f0e"
            },
            "dist": {
                "type": "zip",
                "url": "https://api.github.com/repos/crwlrsoft/query-string/zipball/4e71cae0c942fe1ce2ae22506bd46ecdfa5b4f0e",
                "reference": "4e71cae0c942fe1ce2ae22506bd46ecdfa5b4f0e",
                "shasum": ""
            },
            "require": {
                "php": "^8.0"
            },
            "require-dev": {
                "friendsofphp/php-cs-fixer": "^3.8",
                "pestphp/pest": "^1.21",
                "phpstan/phpstan": "^1.7"
            },
            "type": "library",
            "autoload": {
                "psr-4": {
                    "Crwlr\\QueryString\\": "src/"
                }
            },
            "notification-url": "https://packagist.org/downloads/",
            "license": [
                "MIT"
            ],
            "authors": [
                {
                    "name": "Christian Olear",
                    "homepage": "https://www.otsch.codes",
                    "role": "Developer"
                }
            ],
            "description": "A library for convenient handling of query strings used in HTTP requests.",
            "homepage": "https://www.crwlr.software/packages/query-string",
            "keywords": [
                "crwlr",
                "http",
                "query",
                "query string",
                "query-string",
                "request",
                "string"
            ],
            "support": {
                "docs": "https://www.crwlr.software/packages/query-string",
                "issues": "https://github.com/crwlrsoft/query-string/issues",
                "source": "https://github.com/crwlrsoft/query-string"
            },
            "time": "2023-04-12T21:31:58+00:00"
        },
        {
            "name": "hollodotme/fast-cgi-client",
            "version": "v3.1.7",
            "source": {
                "type": "git",
                "url": "https://github.com/hollodotme/fast-cgi-client.git",
                "reference": "062182d4eda73c161cc2839783acc83096ec0f37"
            },
            "dist": {
                "type": "zip",
                "url": "https://api.github.com/repos/hollodotme/fast-cgi-client/zipball/062182d4eda73c161cc2839783acc83096ec0f37",
                "reference": "062182d4eda73c161cc2839783acc83096ec0f37",
                "shasum": ""
            },
            "require": {
                "ext-json": "*",
                "php": ">=7.1"
            },
            "require-dev": {
                "ext-xdebug": ">=2.6.0"
            },
            "type": "library",
            "autoload": {
                "psr-4": {
                    "hollodotme\\FastCGI\\": "src/"
                }
            },
            "notification-url": "https://packagist.org/downloads/",
            "license": [
                "MIT"
            ],
            "authors": [
                {
                    "name": "Holger Woltersdorf",
                    "email": "hw@hollo.me"
                }
            ],
            "description": "A PHP fast CGI client to send requests (a)synchronously to PHP-FPM.",
            "keywords": [
                "Socket",
                "async",
                "fastcgi",
                "php-fpm"
            ],
            "support": {
                "issues": "https://github.com/hollodotme/fast-cgi-client/issues",
                "source": "https://github.com/hollodotme/fast-cgi-client/tree/v3.1.7"
            },
            "time": "2021-12-07T10:10:20+00:00"
        },
        {
            "name": "nyholm/psr7",
            "version": "1.8.2",
            "source": {
                "type": "git",
                "url": "https://github.com/Nyholm/psr7.git",
                "reference": "a71f2b11690f4b24d099d6b16690a90ae14fc6f3"
            },
            "dist": {
                "type": "zip",
                "url": "https://api.github.com/repos/Nyholm/psr7/zipball/a71f2b11690f4b24d099d6b16690a90ae14fc6f3",
                "reference": "a71f2b11690f4b24d099d6b16690a90ae14fc6f3",
                "shasum": ""
            },
            "require": {
                "php": ">=7.2",
                "psr/http-factory": "^1.0",
                "psr/http-message": "^1.1 || ^2.0"
            },
            "provide": {
                "php-http/message-factory-implementation": "1.0",
                "psr/http-factory-implementation": "1.0",
                "psr/http-message-implementation": "1.0"
            },
            "require-dev": {
                "http-interop/http-factory-tests": "^0.9",
                "php-http/message-factory": "^1.0",
                "php-http/psr7-integration-tests": "^1.0",
                "phpunit/phpunit": "^7.5 || ^8.5 || ^9.4",
                "symfony/error-handler": "^4.4"
            },
            "type": "library",
            "extra": {
                "branch-alias": {
                    "dev-master": "1.8-dev"
                }
            },
            "autoload": {
                "psr-4": {
                    "Nyholm\\Psr7\\": "src/"
                }
            },
            "notification-url": "https://packagist.org/downloads/",
            "license": [
                "MIT"
            ],
            "authors": [
                {
                    "name": "Tobias Nyholm",
                    "email": "tobias.nyholm@gmail.com"
                },
                {
                    "name": "Martijn van der Ven",
                    "email": "martijn@vanderven.se"
                }
            ],
            "description": "A fast PHP7 implementation of PSR-7",
            "homepage": "https://tnyholm.se",
            "keywords": [
                "psr-17",
                "psr-7"
            ],
            "support": {
                "issues": "https://github.com/Nyholm/psr7/issues",
                "source": "https://github.com/Nyholm/psr7/tree/1.8.2"
            },
            "funding": [
                {
                    "url": "https://github.com/Zegnat",
                    "type": "github"
                },
                {
                    "url": "https://github.com/nyholm",
                    "type": "github"
                }
            ],
            "time": "2024-09-09T07:06:30+00:00"
        },
        {
            "name": "psr/cache",
            "version": "3.0.0",
            "source": {
                "type": "git",
                "url": "https://github.com/php-fig/cache.git",
                "reference": "aa5030cfa5405eccfdcb1083ce040c2cb8d253bf"
            },
            "dist": {
                "type": "zip",
                "url": "https://api.github.com/repos/php-fig/cache/zipball/aa5030cfa5405eccfdcb1083ce040c2cb8d253bf",
                "reference": "aa5030cfa5405eccfdcb1083ce040c2cb8d253bf",
                "shasum": ""
            },
            "require": {
                "php": ">=8.0.0"
            },
            "type": "library",
            "extra": {
                "branch-alias": {
                    "dev-master": "1.0.x-dev"
                }
            },
            "autoload": {
                "psr-4": {
                    "Psr\\Cache\\": "src/"
                }
            },
            "notification-url": "https://packagist.org/downloads/",
            "license": [
                "MIT"
            ],
            "authors": [
                {
                    "name": "PHP-FIG",
                    "homepage": "https://www.php-fig.org/"
                }
            ],
            "description": "Common interface for caching libraries",
            "keywords": [
                "cache",
                "psr",
                "psr-6"
            ],
            "support": {
                "source": "https://github.com/php-fig/cache/tree/3.0.0"
            },
            "time": "2021-02-03T23:26:27+00:00"
        },
        {
            "name": "psr/container",
            "version": "2.0.2",
            "source": {
                "type": "git",
                "url": "https://github.com/php-fig/container.git",
                "reference": "c71ecc56dfe541dbd90c5360474fbc405f8d5963"
            },
            "dist": {
                "type": "zip",
                "url": "https://api.github.com/repos/php-fig/container/zipball/c71ecc56dfe541dbd90c5360474fbc405f8d5963",
                "reference": "c71ecc56dfe541dbd90c5360474fbc405f8d5963",
                "shasum": ""
            },
            "require": {
                "php": ">=7.4.0"
            },
            "type": "library",
            "extra": {
                "branch-alias": {
                    "dev-master": "2.0.x-dev"
                }
            },
            "autoload": {
                "psr-4": {
                    "Psr\\Container\\": "src/"
                }
            },
            "notification-url": "https://packagist.org/downloads/",
            "license": [
                "MIT"
            ],
            "authors": [
                {
                    "name": "PHP-FIG",
                    "homepage": "https://www.php-fig.org/"
                }
            ],
            "description": "Common Container Interface (PHP FIG PSR-11)",
            "homepage": "https://github.com/php-fig/container",
            "keywords": [
                "PSR-11",
                "container",
                "container-interface",
                "container-interop",
                "psr"
            ],
            "support": {
                "issues": "https://github.com/php-fig/container/issues",
                "source": "https://github.com/php-fig/container/tree/2.0.2"
            },
            "time": "2021-11-05T16:47:00+00:00"
        },
        {
            "name": "psr/http-factory",
            "version": "1.1.0",
            "source": {
                "type": "git",
                "url": "https://github.com/php-fig/http-factory.git",
                "reference": "2b4765fddfe3b508ac62f829e852b1501d3f6e8a"
            },
            "dist": {
                "type": "zip",
                "url": "https://api.github.com/repos/php-fig/http-factory/zipball/2b4765fddfe3b508ac62f829e852b1501d3f6e8a",
                "reference": "2b4765fddfe3b508ac62f829e852b1501d3f6e8a",
                "shasum": ""
            },
            "require": {
                "php": ">=7.1",
                "psr/http-message": "^1.0 || ^2.0"
            },
            "type": "library",
            "extra": {
                "branch-alias": {
                    "dev-master": "1.0.x-dev"
                }
            },
            "autoload": {
                "psr-4": {
                    "Psr\\Http\\Message\\": "src/"
                }
            },
            "notification-url": "https://packagist.org/downloads/",
            "license": [
                "MIT"
            ],
            "authors": [
                {
                    "name": "PHP-FIG",
                    "homepage": "https://www.php-fig.org/"
                }
            ],
            "description": "PSR-17: Common interfaces for PSR-7 HTTP message factories",
            "keywords": [
                "factory",
                "http",
                "message",
                "psr",
                "psr-17",
                "psr-7",
                "request",
                "response"
            ],
            "support": {
                "source": "https://github.com/php-fig/http-factory"
            },
            "time": "2024-04-15T12:06:14+00:00"
        },
        {
            "name": "psr/http-message",
            "version": "2.0",
            "source": {
                "type": "git",
                "url": "https://github.com/php-fig/http-message.git",
                "reference": "402d35bcb92c70c026d1a6a9883f06b2ead23d71"
            },
            "dist": {
                "type": "zip",
                "url": "https://api.github.com/repos/php-fig/http-message/zipball/402d35bcb92c70c026d1a6a9883f06b2ead23d71",
                "reference": "402d35bcb92c70c026d1a6a9883f06b2ead23d71",
                "shasum": ""
            },
            "require": {
                "php": "^7.2 || ^8.0"
            },
            "type": "library",
            "extra": {
                "branch-alias": {
                    "dev-master": "2.0.x-dev"
                }
            },
            "autoload": {
                "psr-4": {
                    "Psr\\Http\\Message\\": "src/"
                }
            },
            "notification-url": "https://packagist.org/downloads/",
            "license": [
                "MIT"
            ],
            "authors": [
                {
                    "name": "PHP-FIG",
                    "homepage": "https://www.php-fig.org/"
                }
            ],
            "description": "Common interface for HTTP messages",
            "homepage": "https://github.com/php-fig/http-message",
            "keywords": [
                "http",
                "http-message",
                "psr",
                "psr-7",
                "request",
                "response"
            ],
            "support": {
                "source": "https://github.com/php-fig/http-message/tree/2.0"
            },
            "time": "2023-04-04T09:54:51+00:00"
        },
        {
            "name": "psr/http-server-handler",
            "version": "1.0.2",
            "source": {
                "type": "git",
                "url": "https://github.com/php-fig/http-server-handler.git",
                "reference": "84c4fb66179be4caaf8e97bd239203245302e7d4"
            },
            "dist": {
                "type": "zip",
                "url": "https://api.github.com/repos/php-fig/http-server-handler/zipball/84c4fb66179be4caaf8e97bd239203245302e7d4",
                "reference": "84c4fb66179be4caaf8e97bd239203245302e7d4",
                "shasum": ""
            },
            "require": {
                "php": ">=7.0",
                "psr/http-message": "^1.0 || ^2.0"
            },
            "type": "library",
            "extra": {
                "branch-alias": {
                    "dev-master": "1.0.x-dev"
                }
            },
            "autoload": {
                "psr-4": {
                    "Psr\\Http\\Server\\": "src/"
                }
            },
            "notification-url": "https://packagist.org/downloads/",
            "license": [
                "MIT"
            ],
            "authors": [
                {
                    "name": "PHP-FIG",
                    "homepage": "https://www.php-fig.org/"
                }
            ],
            "description": "Common interface for HTTP server-side request handler",
            "keywords": [
                "handler",
                "http",
                "http-interop",
                "psr",
                "psr-15",
                "psr-7",
                "request",
                "response",
                "server"
            ],
            "support": {
                "source": "https://github.com/php-fig/http-server-handler/tree/1.0.2"
            },
            "time": "2023-04-10T20:06:20+00:00"
        },
        {
            "name": "psr/log",
            "version": "3.0.2",
            "source": {
                "type": "git",
                "url": "https://github.com/php-fig/log.git",
                "reference": "f16e1d5863e37f8d8c2a01719f5b34baa2b714d3"
            },
            "dist": {
                "type": "zip",
                "url": "https://api.github.com/repos/php-fig/log/zipball/f16e1d5863e37f8d8c2a01719f5b34baa2b714d3",
                "reference": "f16e1d5863e37f8d8c2a01719f5b34baa2b714d3",
                "shasum": ""
            },
            "require": {
                "php": ">=8.0.0"
            },
            "type": "library",
            "extra": {
                "branch-alias": {
                    "dev-master": "3.x-dev"
                }
            },
            "autoload": {
                "psr-4": {
                    "Psr\\Log\\": "src"
                }
            },
            "notification-url": "https://packagist.org/downloads/",
            "license": [
                "MIT"
            ],
            "authors": [
                {
                    "name": "PHP-FIG",
                    "homepage": "https://www.php-fig.org/"
                }
            ],
            "description": "Common interface for logging libraries",
            "homepage": "https://github.com/php-fig/log",
            "keywords": [
                "log",
                "psr",
                "psr-3"
            ],
            "support": {
                "source": "https://github.com/php-fig/log/tree/3.0.2"
            },
            "time": "2024-09-11T13:17:53+00:00"
        },
        {
            "name": "riverline/multipart-parser",
            "version": "2.1.2",
            "source": {
                "type": "git",
                "url": "https://github.com/Riverline/multipart-parser.git",
                "reference": "7a9f4646db5181516c61b8e0225a343189beedcd"
            },
            "dist": {
                "type": "zip",
                "url": "https://api.github.com/repos/Riverline/multipart-parser/zipball/7a9f4646db5181516c61b8e0225a343189beedcd",
                "reference": "7a9f4646db5181516c61b8e0225a343189beedcd",
                "shasum": ""
            },
            "require": {
                "ext-mbstring": "*",
                "php": ">=5.6.0"
            },
            "require-dev": {
                "laminas/laminas-diactoros": "^1.8.7 || ^2.11.1",
                "phpunit/phpunit": "^5.7 || ^9.0",
                "psr/http-message": "^1.0",
                "symfony/psr-http-message-bridge": "^1.1 || ^2.0"
            },
            "type": "library",
            "autoload": {
                "psr-4": {
                    "Riverline\\MultiPartParser\\": "src/"
                }
            },
            "notification-url": "https://packagist.org/downloads/",
            "license": [
                "MIT"
            ],
            "authors": [
                {
                    "name": "Romain Cambien",
                    "email": "romain@cambien.net"
                },
                {
                    "name": "Riverline",
                    "homepage": "http://www.riverline.fr"
                }
            ],
            "description": "One class library to parse multipart content with encoding and charset support.",
            "keywords": [
                "http",
                "multipart",
                "parser"
            ],
            "support": {
                "issues": "https://github.com/Riverline/multipart-parser/issues",
                "source": "https://github.com/Riverline/multipart-parser/tree/2.1.2"
            },
            "time": "2024-03-12T16:46:05+00:00"
        },
        {
            "name": "symfony/deprecation-contracts",
            "version": "v3.5.1",
            "source": {
                "type": "git",
                "url": "https://github.com/symfony/deprecation-contracts.git",
                "reference": "74c71c939a79f7d5bf3c1ce9f5ea37ba0114c6f6"
            },
            "dist": {
                "type": "zip",
                "url": "https://api.github.com/repos/symfony/deprecation-contracts/zipball/74c71c939a79f7d5bf3c1ce9f5ea37ba0114c6f6",
                "reference": "74c71c939a79f7d5bf3c1ce9f5ea37ba0114c6f6",
                "shasum": ""
            },
            "require": {
                "php": ">=8.1"
            },
            "type": "library",
            "extra": {
                "thanks": {
                    "url": "https://github.com/symfony/contracts",
                    "name": "symfony/contracts"
                },
                "branch-alias": {
                    "dev-main": "3.5-dev"
                }
            },
            "autoload": {
                "files": [
                    "function.php"
                ]
            },
            "notification-url": "https://packagist.org/downloads/",
            "license": [
                "MIT"
            ],
            "authors": [
                {
                    "name": "Nicolas Grekas",
                    "email": "p@tchwork.com"
                },
                {
                    "name": "Symfony Community",
                    "homepage": "https://symfony.com/contributors"
                }
            ],
            "description": "A generic function and convention to trigger deprecation notices",
            "homepage": "https://symfony.com",
            "support": {
                "source": "https://github.com/symfony/deprecation-contracts/tree/v3.5.1"
            },
            "funding": [
                {
                    "url": "https://symfony.com/sponsor",
                    "type": "custom"
                },
                {
                    "url": "https://github.com/fabpot",
                    "type": "github"
                },
                {
                    "url": "https://tidelift.com/funding/github/packagist/symfony/symfony",
                    "type": "tidelift"
                }
            ],
            "time": "2024-09-25T14:20:29+00:00"
        },
        {
            "name": "symfony/http-client",
            "version": "v7.2.3",
            "source": {
                "type": "git",
                "url": "https://github.com/symfony/http-client.git",
                "reference": "7ce6078c79a4a7afff931c413d2959d3bffbfb8d"
            },
            "dist": {
                "type": "zip",
                "url": "https://api.github.com/repos/symfony/http-client/zipball/7ce6078c79a4a7afff931c413d2959d3bffbfb8d",
                "reference": "7ce6078c79a4a7afff931c413d2959d3bffbfb8d",
                "shasum": ""
            },
            "require": {
                "php": ">=8.2",
                "psr/log": "^1|^2|^3",
                "symfony/deprecation-contracts": "^2.5|^3",
                "symfony/http-client-contracts": "~3.4.4|^3.5.2",
                "symfony/service-contracts": "^2.5|^3"
            },
            "conflict": {
                "amphp/amp": "<2.5",
                "php-http/discovery": "<1.15",
                "symfony/http-foundation": "<6.4"
            },
            "provide": {
                "php-http/async-client-implementation": "*",
                "php-http/client-implementation": "*",
                "psr/http-client-implementation": "1.0",
                "symfony/http-client-implementation": "3.0"
            },
            "require-dev": {
                "amphp/http-client": "^4.2.1|^5.0",
                "amphp/http-tunnel": "^1.0|^2.0",
                "amphp/socket": "^1.1",
                "guzzlehttp/promises": "^1.4|^2.0",
                "nyholm/psr7": "^1.0",
                "php-http/httplug": "^1.0|^2.0",
                "psr/http-client": "^1.0",
                "symfony/amphp-http-client-meta": "^1.0|^2.0",
                "symfony/dependency-injection": "^6.4|^7.0",
                "symfony/http-kernel": "^6.4|^7.0",
                "symfony/messenger": "^6.4|^7.0",
                "symfony/process": "^6.4|^7.0",
                "symfony/rate-limiter": "^6.4|^7.0",
                "symfony/stopwatch": "^6.4|^7.0"
            },
            "type": "library",
            "autoload": {
                "psr-4": {
                    "Symfony\\Component\\HttpClient\\": ""
                },
                "exclude-from-classmap": [
                    "/Tests/"
                ]
            },
            "notification-url": "https://packagist.org/downloads/",
            "license": [
                "MIT"
            ],
            "authors": [
                {
                    "name": "Nicolas Grekas",
                    "email": "p@tchwork.com"
                },
                {
                    "name": "Symfony Community",
                    "homepage": "https://symfony.com/contributors"
                }
            ],
            "description": "Provides powerful methods to fetch HTTP resources synchronously or asynchronously",
            "homepage": "https://symfony.com",
            "keywords": [
                "http"
            ],
            "support": {
                "source": "https://github.com/symfony/http-client/tree/v7.2.3"
            },
            "funding": [
                {
                    "url": "https://symfony.com/sponsor",
                    "type": "custom"
                },
                {
                    "url": "https://github.com/fabpot",
                    "type": "github"
                },
                {
                    "url": "https://tidelift.com/funding/github/packagist/symfony/symfony",
                    "type": "tidelift"
                }
            ],
            "time": "2025-01-28T15:51:35+00:00"
        },
        {
            "name": "symfony/http-client-contracts",
            "version": "v3.5.2",
            "source": {
                "type": "git",
                "url": "https://github.com/symfony/http-client-contracts.git",
                "reference": "ee8d807ab20fcb51267fdace50fbe3494c31e645"
            },
            "dist": {
                "type": "zip",
                "url": "https://api.github.com/repos/symfony/http-client-contracts/zipball/ee8d807ab20fcb51267fdace50fbe3494c31e645",
                "reference": "ee8d807ab20fcb51267fdace50fbe3494c31e645",
                "shasum": ""
            },
            "require": {
                "php": ">=8.1"
            },
            "type": "library",
            "extra": {
                "thanks": {
                    "url": "https://github.com/symfony/contracts",
                    "name": "symfony/contracts"
                },
                "branch-alias": {
                    "dev-main": "3.5-dev"
                }
            },
            "autoload": {
                "psr-4": {
                    "Symfony\\Contracts\\HttpClient\\": ""
                },
                "exclude-from-classmap": [
                    "/Test/"
                ]
            },
            "notification-url": "https://packagist.org/downloads/",
            "license": [
                "MIT"
            ],
            "authors": [
                {
                    "name": "Nicolas Grekas",
                    "email": "p@tchwork.com"
                },
                {
                    "name": "Symfony Community",
                    "homepage": "https://symfony.com/contributors"
                }
            ],
            "description": "Generic abstractions related to HTTP clients",
            "homepage": "https://symfony.com",
            "keywords": [
                "abstractions",
                "contracts",
                "decoupling",
                "interfaces",
                "interoperability",
                "standards"
            ],
            "support": {
                "source": "https://github.com/symfony/http-client-contracts/tree/v3.5.2"
            },
            "funding": [
                {
                    "url": "https://symfony.com/sponsor",
                    "type": "custom"
                },
                {
                    "url": "https://github.com/fabpot",
                    "type": "github"
                },
                {
                    "url": "https://tidelift.com/funding/github/packagist/symfony/symfony",
                    "type": "tidelift"
                }
            ],
            "time": "2024-12-07T08:49:48+00:00"
        },
        {
            "name": "symfony/process",
            "version": "v7.2.0",
            "source": {
                "type": "git",
                "url": "https://github.com/symfony/process.git",
                "reference": "d34b22ba9390ec19d2dd966c40aa9e8462f27a7e"
            },
            "dist": {
                "type": "zip",
                "url": "https://api.github.com/repos/symfony/process/zipball/d34b22ba9390ec19d2dd966c40aa9e8462f27a7e",
                "reference": "d34b22ba9390ec19d2dd966c40aa9e8462f27a7e",
                "shasum": ""
            },
            "require": {
                "php": ">=8.2"
            },
            "type": "library",
            "autoload": {
                "psr-4": {
                    "Symfony\\Component\\Process\\": ""
                },
                "exclude-from-classmap": [
                    "/Tests/"
                ]
            },
            "notification-url": "https://packagist.org/downloads/",
            "license": [
                "MIT"
            ],
            "authors": [
                {
                    "name": "Fabien Potencier",
                    "email": "fabien@symfony.com"
                },
                {
                    "name": "Symfony Community",
                    "homepage": "https://symfony.com/contributors"
                }
            ],
            "description": "Executes commands in sub-processes",
            "homepage": "https://symfony.com",
            "support": {
                "source": "https://github.com/symfony/process/tree/v7.2.0"
            },
            "funding": [
                {
                    "url": "https://symfony.com/sponsor",
                    "type": "custom"
                },
                {
                    "url": "https://github.com/fabpot",
                    "type": "github"
                },
                {
                    "url": "https://tidelift.com/funding/github/packagist/symfony/symfony",
                    "type": "tidelift"
                }
            ],
            "time": "2024-11-06T14:24:19+00:00"
        },
        {
            "name": "symfony/service-contracts",
            "version": "v3.5.1",
            "source": {
                "type": "git",
                "url": "https://github.com/symfony/service-contracts.git",
                "reference": "e53260aabf78fb3d63f8d79d69ece59f80d5eda0"
            },
            "dist": {
                "type": "zip",
                "url": "https://api.github.com/repos/symfony/service-contracts/zipball/e53260aabf78fb3d63f8d79d69ece59f80d5eda0",
                "reference": "e53260aabf78fb3d63f8d79d69ece59f80d5eda0",
                "shasum": ""
            },
            "require": {
                "php": ">=8.1",
                "psr/container": "^1.1|^2.0",
                "symfony/deprecation-contracts": "^2.5|^3"
            },
            "conflict": {
                "ext-psr": "<1.1|>=2"
            },
            "type": "library",
            "extra": {
                "thanks": {
                    "url": "https://github.com/symfony/contracts",
                    "name": "symfony/contracts"
                },
                "branch-alias": {
                    "dev-main": "3.5-dev"
                }
            },
            "autoload": {
                "psr-4": {
                    "Symfony\\Contracts\\Service\\": ""
                },
                "exclude-from-classmap": [
                    "/Test/"
                ]
            },
            "notification-url": "https://packagist.org/downloads/",
            "license": [
                "MIT"
            ],
            "authors": [
                {
                    "name": "Nicolas Grekas",
                    "email": "p@tchwork.com"
                },
                {
                    "name": "Symfony Community",
                    "homepage": "https://symfony.com/contributors"
                }
            ],
            "description": "Generic abstractions related to writing services",
            "homepage": "https://symfony.com",
            "keywords": [
                "abstractions",
                "contracts",
                "decoupling",
                "interfaces",
                "interoperability",
                "standards"
            ],
            "support": {
                "source": "https://github.com/symfony/service-contracts/tree/v3.5.1"
            },
            "funding": [
                {
                    "url": "https://symfony.com/sponsor",
                    "type": "custom"
                },
                {
                    "url": "https://github.com/fabpot",
                    "type": "github"
                },
                {
                    "url": "https://tidelift.com/funding/github/packagist/symfony/symfony",
                    "type": "tidelift"
                }
            ],
            "time": "2024-09-25T14:20:29+00:00"
        }
    ],
    "packages-dev": [],
    "aliases": [],
    "minimum-stability": "stable",
    "stability-flags": {},
    "prefer-stable": false,
    "prefer-lowest": false,
    "platform": {},
    "platform-dev": {},
    "plugin-api-version": "2.6.0"
}
